// !$*UTF8*$!
{
	archiveVersion = 1;
	classes = {
	};
	objectVersion = 51;
	objects = {

/* Begin PBXBuildFile section */
		CB875E172590EE3300EEDB65 /* AppDelegate.swift in Sources */ = {isa = PBXBuildFile; fileRef = CB875E162590EE3300EEDB65 /* AppDelegate.swift */; };
		CB875E192590EE3300EEDB65 /* SceneDelegate.swift in Sources */ = {isa = PBXBuildFile; fileRef = CB875E182590EE3300EEDB65 /* SceneDelegate.swift */; };
		CB875E1E2590EE3300EEDB65 /* Main.storyboard in Resources */ = {isa = PBXBuildFile; fileRef = CB875E1C2590EE3300EEDB65 /* Main.storyboard */; };
		CB875E202590EE3700EEDB65 /* Assets.xcassets in Resources */ = {isa = PBXBuildFile; fileRef = CB875E1F2590EE3700EEDB65 /* Assets.xcassets */; };
		CB875E232590EE3700EEDB65 /* LaunchScreen.storyboard in Resources */ = {isa = PBXBuildFile; fileRef = CB875E212590EE3700EEDB65 /* LaunchScreen.storyboard */; };
		CB875E362590EF7800EEDB65 /* Constants.swift in Sources */ = {isa = PBXBuildFile; fileRef = CB875E352590EF7800EEDB65 /* Constants.swift */; };
		CB875E3A2590EFE000EEDB65 /* NewsViewModel.swift in Sources */ = {isa = PBXBuildFile; fileRef = CB875E392590EFE000EEDB65 /* NewsViewModel.swift */; };
		CB875E3E2590F04500EEDB65 /* NewsViewController.swift in Sources */ = {isa = PBXBuildFile; fileRef = CB875E3D2590F04500EEDB65 /* NewsViewController.swift */; };
		CB875E422590F07200EEDB65 /* NewsTableViewCell.swift in Sources */ = {isa = PBXBuildFile; fileRef = CB875E412590F07200EEDB65 /* NewsTableViewCell.swift */; };
		CB875E4A2590F0FD00EEDB65 /* Extension+UIViewController.swift in Sources */ = {isa = PBXBuildFile; fileRef = CB875E492590F0FD00EEDB65 /* Extension+UIViewController.swift */; };
		CB875E4F2590F13F00EEDB65 /* NewsResponse.swift in Sources */ = {isa = PBXBuildFile; fileRef = CB875E4E2590F13F00EEDB65 /* NewsResponse.swift */; };
		CB875E532590F16400EEDB65 /* HttpUtility.swift in Sources */ = {isa = PBXBuildFile; fileRef = CB875E522590F16400EEDB65 /* HttpUtility.swift */; };
		F9E9FFD18EEA54840B726BD1 /* Pods_MobiusworksSystemTask.framework in Frameworks */ = {isa = PBXBuildFile; fileRef = B83BE4AE4B2395B4F382EDFA /* Pods_MobiusworksSystemTask.framework */; };
/* End PBXBuildFile section */

/* Begin PBXFileReference section */
		4A57A65C688FD165BF906DD7 /* Pods-MobiusworksSystemTask.release.xcconfig */ = {isa = PBXFileReference; includeInIndex = 1; lastKnownFileType = text.xcconfig; name = "Pods-MobiusworksSystemTask.release.xcconfig"; path = "Target Support Files/Pods-MobiusworksSystemTask/Pods-MobiusworksSystemTask.release.xcconfig"; sourceTree = "<group>"; };
		B83BE4AE4B2395B4F382EDFA /* Pods_MobiusworksSystemTask.framework */ = {isa = PBXFileReference; explicitFileType = wrapper.framework; includeInIndex = 0; path = Pods_MobiusworksSystemTask.framework; sourceTree = BUILT_PRODUCTS_DIR; };
		CB875E132590EE3300EEDB65 /* MobiusworksSystemTask.app */ = {isa = PBXFileReference; explicitFileType = wrapper.application; includeInIndex = 0; path = MobiusworksSystemTask.app; sourceTree = BUILT_PRODUCTS_DIR; };
		CB875E162590EE3300EEDB65 /* AppDelegate.swift */ = {isa = PBXFileReference; lastKnownFileType = sourcecode.swift; path = AppDelegate.swift; sourceTree = "<group>"; };
		CB875E182590EE3300EEDB65 /* SceneDelegate.swift */ = {isa = PBXFileReference; lastKnownFileType = sourcecode.swift; path = SceneDelegate.swift; sourceTree = "<group>"; };
		CB875E1D2590EE3300EEDB65 /* Base */ = {isa = PBXFileReference; lastKnownFileType = file.storyboard; name = Base; path = Base.lproj/Main.storyboard; sourceTree = "<group>"; };
		CB875E1F2590EE3700EEDB65 /* Assets.xcassets */ = {isa = PBXFileReference; lastKnownFileType = folder.assetcatalog; path = Assets.xcassets; sourceTree = "<group>"; };
		CB875E222590EE3700EEDB65 /* Base */ = {isa = PBXFileReference; lastKnownFileType = file.storyboard; name = Base; path = Base.lproj/LaunchScreen.storyboard; sourceTree = "<group>"; };
		CB875E242590EE3700EEDB65 /* Info.plist */ = {isa = PBXFileReference; lastKnownFileType = text.plist.xml; path = Info.plist; sourceTree = "<group>"; };
		CB875E352590EF7800EEDB65 /* Constants.swift */ = {isa = PBXFileReference; lastKnownFileType = sourcecode.swift; path = Constants.swift; sourceTree = "<group>"; };
		CB875E392590EFE000EEDB65 /* NewsViewModel.swift */ = {isa = PBXFileReference; lastKnownFileType = sourcecode.swift; path = NewsViewModel.swift; sourceTree = "<group>"; };
		CB875E3D2590F04500EEDB65 /* NewsViewController.swift */ = {isa = PBXFileReference; lastKnownFileType = sourcecode.swift; path = NewsViewController.swift; sourceTree = "<group>"; };
		CB875E412590F07200EEDB65 /* NewsTableViewCell.swift */ = {isa = PBXFileReference; lastKnownFileType = sourcecode.swift; path = NewsTableViewCell.swift; sourceTree = "<group>"; };
		CB875E492590F0FD00EEDB65 /* Extension+UIViewController.swift */ = {isa = PBXFileReference; lastKnownFileType = sourcecode.swift; path = "Extension+UIViewController.swift"; sourceTree = "<group>"; };
		CB875E4E2590F13F00EEDB65 /* NewsResponse.swift */ = {isa = PBXFileReference; lastKnownFileType = sourcecode.swift; path = NewsResponse.swift; sourceTree = "<group>"; };
		CB875E522590F16400EEDB65 /* HttpUtility.swift */ = {isa = PBXFileReference; lastKnownFileType = sourcecode.swift; path = HttpUtility.swift; sourceTree = "<group>"; };
		E5A81E425D6150E50078376C /* Pods-MobiusworksSystemTask.debug.xcconfig */ = {isa = PBXFileReference; includeInIndex = 1; lastKnownFileType = text.xcconfig; name = "Pods-MobiusworksSystemTask.debug.xcconfig"; path = "Target Support Files/Pods-MobiusworksSystemTask/Pods-MobiusworksSystemTask.debug.xcconfig"; sourceTree = "<group>"; };
/* End PBXFileReference section */

/* Begin PBXFrameworksBuildPhase section */
		CB875E102590EE3300EEDB65 /* Frameworks */ = {
			isa = PBXFrameworksBuildPhase;
			buildActionMask = 2147483647;
			files = (
				F9E9FFD18EEA54840B726BD1 /* Pods_MobiusworksSystemTask.framework in Frameworks */,
			);
			runOnlyForDeploymentPostprocessing = 0;
		};
/* End PBXFrameworksBuildPhase section */

/* Begin PBXGroup section */
		953DDFE6CB6452B95B4C80C4 /* Pods */ = {
			isa = PBXGroup;
			children = (
				E5A81E425D6150E50078376C /* Pods-MobiusworksSystemTask.debug.xcconfig */,
				4A57A65C688FD165BF906DD7 /* Pods-MobiusworksSystemTask.release.xcconfig */,
			);
			path = Pods;
			sourceTree = "<group>";
		};
		BAAAA9BC201EA027BADBD6FD /* Frameworks */ = {
			isa = PBXGroup;
			children = (
				B83BE4AE4B2395B4F382EDFA /* Pods_MobiusworksSystemTask.framework */,
			);
			name = Frameworks;
			sourceTree = "<group>";
		};
		CB875E0A2590EE3300EEDB65 = {
			isa = PBXGroup;
			children = (
				CB875E152590EE3300EEDB65 /* MobiusworksSystemTask */,
				CB875E142590EE3300EEDB65 /* Products */,
				953DDFE6CB6452B95B4C80C4 /* Pods */,
				BAAAA9BC201EA027BADBD6FD /* Frameworks */,
			);
			sourceTree = "<group>";
		};
		CB875E142590EE3300EEDB65 /* Products */ = {
			isa = PBXGroup;
			children = (
				CB875E132590EE3300EEDB65 /* MobiusworksSystemTask.app */,
			);
			name = Products;
			sourceTree = "<group>";
		};
		CB875E152590EE3300EEDB65 /* MobiusworksSystemTask */ = {
			isa = PBXGroup;
			children = (
				CB875E332590EEF500EEDB65 /* Services */,
				CB875E2F2590EEB700EEDB65 /* Models */,
				CB875E312590EED600EEDB65 /* Views */,
				CB875E322590EEDE00EEDB65 /* ViewModels */,
				CB875E342590EF1500EEDB65 /* Constants */,
				CB875E162590EE3300EEDB65 /* AppDelegate.swift */,
				CB875E182590EE3300EEDB65 /* SceneDelegate.swift */,
				CB875E1C2590EE3300EEDB65 /* Main.storyboard */,
				CB875E1F2590EE3700EEDB65 /* Assets.xcassets */,
				CB875E212590EE3700EEDB65 /* LaunchScreen.storyboard */,
				CB875E242590EE3700EEDB65 /* Info.plist */,
			);
			path = MobiusworksSystemTask;
			sourceTree = "<group>";
		};
		CB875E2F2590EEB700EEDB65 /* Models */ = {
			isa = PBXGroup;
			children = (
				CB875E4D2590F11E00EEDB65 /* NewsModels */,
			);
			path = Models;
			sourceTree = "<group>";
		};
		CB875E312590EED600EEDB65 /* Views */ = {
			isa = PBXGroup;
			children = (
				CB875E482590F0E700EEDB65 /* Extensions */,
				CB875E3C2590F00F00EEDB65 /* NewsView */,
			);
			path = Views;
			sourceTree = "<group>";
		};
		CB875E322590EEDE00EEDB65 /* ViewModels */ = {
			isa = PBXGroup;
			children = (
				CB875E382590EFC200EEDB65 /* NewsViewModel */,
			);
			path = ViewModels;
			sourceTree = "<group>";
		};
		CB875E332590EEF500EEDB65 /* Services */ = {
			isa = PBXGroup;
			children = (
				CB875E522590F16400EEDB65 /* HttpUtility.swift */,
			);
			path = Services;
			sourceTree = "<group>";
		};
		CB875E342590EF1500EEDB65 /* Constants */ = {
			isa = PBXGroup;
			children = (
				CB875E352590EF7800EEDB65 /* Constants.swift */,
			);
			path = Constants;
			sourceTree = "<group>";
		};
		CB875E382590EFC200EEDB65 /* NewsViewModel */ = {
			isa = PBXGroup;
			children = (
				CB875E392590EFE000EEDB65 /* NewsViewModel.swift */,
			);
			path = NewsViewModel;
			sourceTree = "<group>";
		};
		CB875E3C2590F00F00EEDB65 /* NewsView */ = {
			isa = PBXGroup;
			children = (
				CB875E3D2590F04500EEDB65 /* NewsViewController.swift */,
				CB875E412590F07200EEDB65 /* NewsTableViewCell.swift */,
			);
			path = NewsView;
			sourceTree = "<group>";
		};
		CB875E482590F0E700EEDB65 /* Extensions */ = {
			isa = PBXGroup;
			children = (
				CB875E492590F0FD00EEDB65 /* Extension+UIViewController.swift */,
			);
			path = Extensions;
			sourceTree = "<group>";
		};
		CB875E4D2590F11E00EEDB65 /* NewsModels */ = {
			isa = PBXGroup;
			children = (
				CB875E4E2590F13F00EEDB65 /* NewsResponse.swift */,
			);
			path = NewsModels;
			sourceTree = "<group>";
		};
/* End PBXGroup section */

/* Begin PBXNativeTarget section */
		CB875E122590EE3300EEDB65 /* MobiusworksSystemTask */ = {
			isa = PBXNativeTarget;
			buildConfigurationList = CB875E272590EE3700EEDB65 /* Build configuration list for PBXNativeTarget "MobiusworksSystemTask" */;
			buildPhases = (
				3CB0A383621849DB9FB9B9D8 /* [CP] Check Pods Manifest.lock */,
				CB875E0F2590EE3300EEDB65 /* Sources */,
				CB875E102590EE3300EEDB65 /* Frameworks */,
				CB875E112590EE3300EEDB65 /* Resources */,
				3887CE09A279B50C752F82BF /* [CP] Embed Pods Frameworks */,
			);
			buildRules = (
			);
			dependencies = (
			);
			name = MobiusworksSystemTask;
			productName = MobiusworksSystemTask;
			productReference = CB875E132590EE3300EEDB65 /* MobiusworksSystemTask.app */;
			productType = "com.apple.product-type.application";
		};
/* End PBXNativeTarget section */

/* Begin PBXProject section */
		CB875E0B2590EE3300EEDB65 /* Project object */ = {
			isa = PBXProject;
			attributes = {
				LastSwiftUpdateCheck = 1200;
				LastUpgradeCheck = 1200;
				TargetAttributes = {
					CB875E122590EE3300EEDB65 = {
						CreatedOnToolsVersion = 12.0.1;
					};
				};
			};
			buildConfigurationList = CB875E0E2590EE3300EEDB65 /* Build configuration list for PBXProject "MobiusworksSystemTask" */;
			compatibilityVersion = "Xcode 9.3";
			developmentRegion = en;
			hasScannedForEncodings = 0;
			knownRegions = (
				en,
				Base,
			);
			mainGroup = CB875E0A2590EE3300EEDB65;
			productRefGroup = CB875E142590EE3300EEDB65 /* Products */;
			projectDirPath = "";
			projectRoot = "";
			targets = (
				CB875E122590EE3300EEDB65 /* MobiusworksSystemTask */,
			);
		};
/* End PBXProject section */

/* Begin PBXResourcesBuildPhase section */
		CB875E112590EE3300EEDB65 /* Resources */ = {
			isa = PBXResourcesBuildPhase;
			buildActionMask = 2147483647;
			files = (
				CB875E232590EE3700EEDB65 /* LaunchScreen.storyboard in Resources */,
				CB875E202590EE3700EEDB65 /* Assets.xcassets in Resources */,
				CB875E1E2590EE3300EEDB65 /* Main.storyboard in Resources */,
			);
			runOnlyForDeploymentPostprocessing = 0;
		};
/* End PBXResourcesBuildPhase section */

/* Begin PBXShellScriptBuildPhase section */
		3887CE09A279B50C752F82BF /* [CP] Embed Pods Frameworks */ = {
			isa = PBXShellScriptBuildPhase;
			buildActionMask = 2147483647;
			files = (
			);
			inputFileListPaths = (
				"${PODS_ROOT}/Target Support Files/Pods-MobiusworksSystemTask/Pods-MobiusworksSystemTask-frameworks-${CONFIGURATION}-input-files.xcfilelist",
			);
			name = "[CP] Embed Pods Frameworks";
			outputFileListPaths = (
				"${PODS_ROOT}/Target Support Files/Pods-MobiusworksSystemTask/Pods-MobiusworksSystemTask-frameworks-${CONFIGURATION}-output-files.xcfilelist",
			);
			runOnlyForDeploymentPostprocessing = 0;
			shellPath = /bin/sh;
			shellScript = "\"${PODS_ROOT}/Target Support Files/Pods-MobiusworksSystemTask/Pods-MobiusworksSystemTask-frameworks.sh\"\n";
			showEnvVarsInLog = 0;
		};
		3CB0A383621849DB9FB9B9D8 /* [CP] Check Pods Manifest.lock */ = {
			isa = PBXShellScriptBuildPhase;
			buildActionMask = 2147483647;
			files = (
			);
			inputFileListPaths = (
			);
			inputPaths = (
				"${PODS_PODFILE_DIR_PATH}/Podfile.lock",
				"${PODS_ROOT}/Manifest.lock",
			);
			name = "[CP] Check Pods Manifest.lock";
			outputFileListPaths = (
			);
			outputPaths = (
				"$(DERIVED_FILE_DIR)/Pods-MobiusworksSystemTask-checkManifestLockResult.txt",
			);
			runOnlyForDeploymentPostprocessing = 0;
			shellPath = /bin/sh;
			shellScript = "diff \"${PODS_PODFILE_DIR_PATH}/Podfile.lock\" \"${PODS_ROOT}/Manifest.lock\" > /dev/null\nif [ $? != 0 ] ; then\n    # print error to STDERR\n    echo \"error: The sandbox is not in sync with the Podfile.lock. Run 'pod install' or update your CocoaPods installation.\" >&2\n    exit 1\nfi\n# This output is used by Xcode 'outputs' to avoid re-running this script phase.\necho \"SUCCESS\" > \"${SCRIPT_OUTPUT_FILE_0}\"\n";
			showEnvVarsInLog = 0;
		};
/* End PBXShellScriptBuildPhase section */

/* Begin PBXSourcesBuildPhase section */
		CB875E0F2590EE3300EEDB65 /* Sources */ = {
			isa = PBXSourcesBuildPhase;
			buildActionMask = 2147483647;
			files = (
				CB875E3E2590F04500EEDB65 /* NewsViewController.swift in Sources */,
				CB875E422590F07200EEDB65 /* NewsTableViewCell.swift in Sources */,
				CB875E172590EE3300EEDB65 /* AppDelegate.swift in Sources */,
				CB875E192590EE3300EEDB65 /* SceneDelegate.swift in Sources */,
				CB875E4A2590F0FD00EEDB65 /* Extension+UIViewController.swift in Sources */,
				CB875E4F2590F13F00EEDB65 /* NewsResponse.swift in Sources */,
				CB875E362590EF7800EEDB65 /* Constants.swift in Sources */,
				CB875E3A2590EFE000EEDB65 /* NewsViewModel.swift in Sources */,
				CB875E532590F16400EEDB65 /* HttpUtility.swift in Sources */,
			);
			runOnlyForDeploymentPostprocessing = 0;
		};
/* End PBXSourcesBuildPhase section */

/* Begin PBXVariantGroup section */
		CB875E1C2590EE3300EEDB65 /* Main.storyboard */ = {
			isa = PBXVariantGroup;
			children = (
				CB875E1D2590EE3300EEDB65 /* Base */,
			);
			name = Main.storyboard;
			sourceTree = "<group>";
		};
		CB875E212590EE3700EEDB65 /* LaunchScreen.storyboard */ = {
			isa = PBXVariantGroup;
			children = (
				CB875E222590EE3700EEDB65 /* Base */,
			);
			name = LaunchScreen.storyboard;
			sourceTree = "<group>";
		};
/* End PBXVariantGroup section */

/* Begin XCBuildConfiguration section */
		CB875E252590EE3700EEDB65 /* Debug */ = {
			isa = XCBuildConfiguration;
			buildSettings = {
				ALWAYS_SEARCH_USER_PATHS = NO;
				CLANG_ANALYZER_NONNULL = YES;
				CLANG_ANALYZER_NUMBER_OBJECT_CONVERSION = YES_AGGRESSIVE;
				CLANG_CXX_LANGUAGE_STANDARD = "gnu++14";
				CLANG_CXX_LIBRARY = "libc++";
				CLANG_ENABLE_MODULES = YES;
				CLANG_ENABLE_OBJC_ARC = YES;
				CLANG_ENABLE_OBJC_WEAK = YES;
				CLANG_WARN_BLOCK_CAPTURE_AUTORELEASING = YES;
				CLANG_WARN_BOOL_CONVERSION = YES;
				CLANG_WARN_COMMA = YES;
				CLANG_WARN_CONSTANT_CONVERSION = YES;
				CLANG_WARN_DEPRECATED_OBJC_IMPLEMENTATIONS = YES;
				CLANG_WARN_DIRECT_OBJC_ISA_USAGE = YES_ERROR;
				CLANG_WARN_DOCUMENTATION_COMMENTS = YES;
				CLANG_WARN_EMPTY_BODY = YES;
				CLANG_WARN_ENUM_CONVERSION = YES;
				CLANG_WARN_INFINITE_RECURSION = YES;
				CLANG_WARN_INT_CONVERSION = YES;
				CLANG_WARN_NON_LITERAL_NULL_CONVERSION = YES;
				CLANG_WARN_OBJC_IMPLICIT_RETAIN_SELF = YES;
				CLANG_WARN_OBJC_LITERAL_CONVERSION = YES;
				CLANG_WARN_OBJC_ROOT_CLASS = YES_ERROR;
				CLANG_WARN_QUOTED_INCLUDE_IN_FRAMEWORK_HEADER = YES;
				CLANG_WARN_RANGE_LOOP_ANALYSIS = YES;
				CLANG_WARN_STRICT_PROTOTYPES = YES;
				CLANG_WARN_SUSPICIOUS_MOVE = YES;
				CLANG_WARN_UNGUARDED_AVAILABILITY = YES_AGGRESSIVE;
				CLANG_WARN_UNREACHABLE_CODE = YES;
				CLANG_WARN__DUPLICATE_METHOD_MATCH = YES;
				COPY_PHASE_STRIP = NO;
				DEBUG_INFORMATION_FORMAT = dwarf;
				ENABLE_STRICT_OBJC_MSGSEND = YES;
				ENABLE_TESTABILITY = YES;
				GCC_C_LANGUAGE_STANDARD = gnu11;
				GCC_DYNAMIC_NO_PIC = NO;
				GCC_NO_COMMON_BLOCKS = YES;
				GCC_OPTIMIZATION_LEVEL = 0;
				GCC_PREPROCESSOR_DEFINITIONS = (
					"DEBUG=1",
					"$(inherited)",
				);
				GCC_WARN_64_TO_32_BIT_CONVERSION = YES;
				GCC_WARN_ABOUT_RETURN_TYPE = YES_ERROR;
				GCC_WARN_UNDECLARED_SELECTOR = YES;
				GCC_WARN_UNINITIALIZED_AUTOS = YES_AGGRESSIVE;
				GCC_WARN_UNUSED_FUNCTION = YES;
				GCC_WARN_UNUSED_VARIABLE = YES;
				IPHONEOS_DEPLOYMENT_TARGET = 14.0;
				MTL_ENABLE_DEBUG_INFO = INCLUDE_SOURCE;
				MTL_FAST_MATH = YES;
				ONLY_ACTIVE_ARCH = YES;
				SDKROOT = iphoneos;
				SWIFT_ACTIVE_COMPILATION_CONDITIONS = DEBUG;
				SWIFT_OPTIMIZATION_LEVEL = "-Onone";
			};
			name = Debug;
		};
		CB875E262590EE3700EEDB65 /* Release */ = {
			isa = XCBuildConfiguration;
			buildSettings = {
				ALWAYS_SEARCH_USER_PATHS = NO;
				CLANG_ANALYZER_NONNULL = YES;
				CLANG_ANALYZER_NUMBER_OBJECT_CONVERSION = YES_AGGRESSIVE;
				CLANG_CXX_LANGUAGE_STANDARD = "gnu++14";
				CLANG_CXX_LIBRARY = "libc++";
				CLANG_ENABLE_MODULES = YES;
				CLANG_ENABLE_OBJC_ARC = YES;
				CLANG_ENABLE_OBJC_WEAK = YES;
				CLANG_WARN_BLOCK_CAPTURE_AUTORELEASING = YES;
				CLANG_WARN_BOOL_CONVERSION = YES;
				CLANG_WARN_COMMA = YES;
				CLANG_WARN_CONSTANT_CONVERSION = YES;
				CLANG_WARN_DEPRECATED_OBJC_IMPLEMENTATIONS = YES;
				CLANG_WARN_DIRECT_OBJC_ISA_USAGE = YES_ERROR;
				CLANG_WARN_DOCUMENTATION_COMMENTS = YES;
				CLANG_WARN_EMPTY_BODY = YES;
				CLANG_WARN_ENUM_CONVERSION = YES;
				CLANG_WARN_INFINITE_RECURSION = YES;
				CLANG_WARN_INT_CONVERSION = YES;
				CLANG_WARN_NON_LITERAL_NULL_CONVERSION = YES;
				CLANG_WARN_OBJC_IMPLICIT_RETAIN_SELF = YES;
				CLANG_WARN_OBJC_LITERAL_CONVERSION = YES;
				CLANG_WARN_OBJC_ROOT_CLASS = YES_ERROR;
				CLANG_WARN_QUOTED_INCLUDE_IN_FRAMEWORK_HEADER = YES;
				CLANG_WARN_RANGE_LOOP_ANALYSIS = YES;
				CLANG_WARN_STRICT_PROTOTYPES = YES;
				CLANG_WARN_SUSPICIOUS_MOVE = YES;
				CLANG_WARN_UNGUARDED_AVAILABILITY = YES_AGGRESSIVE;
				CLANG_WARN_UNREACHABLE_CODE = YES;
				CLANG_WARN__DUPLICATE_METHOD_MATCH = YES;
				COPY_PHASE_STRIP = NO;
				DEBUG_INFORMATION_FORMAT = "dwarf-with-dsym";
				ENABLE_NS_ASSERTIONS = NO;
				ENABLE_STRICT_OBJC_MSGSEND = YES;
				GCC_C_LANGUAGE_STANDARD = gnu11;
				GCC_NO_COMMON_BLOCKS = YES;
				GCC_WARN_64_TO_32_BIT_CONVERSION = YES;
				GCC_WARN_ABOUT_RETURN_TYPE = YES_ERROR;
				GCC_WARN_UNDECLARED_SELECTOR = YES;
				GCC_WARN_UNINITIALIZED_AUTOS = YES_AGGRESSIVE;
				GCC_WARN_UNUSED_FUNCTION = YES;
				GCC_WARN_UNUSED_VARIABLE = YES;
				IPHONEOS_DEPLOYMENT_TARGET = 14.0;
				MTL_ENABLE_DEBUG_INFO = NO;
				MTL_FAST_MATH = YES;
				SDKROOT = iphoneos;
				SWIFT_COMPILATION_MODE = wholemodule;
				SWIFT_OPTIMIZATION_LEVEL = "-O";
				VALIDATE_PRODUCT = YES;
			};
			name = Release;
		};
		CB875E282590EE3700EEDB65 /* Debug */ = {
			isa = XCBuildConfiguration;
			baseConfigurationReference = E5A81E425D6150E50078376C /* Pods-MobiusworksSystemTask.debug.xcconfig */;
			buildSettings = {
				ASSETCATALOG_COMPILER_APPICON_NAME = AppIcon;
				ASSETCATALOG_COMPILER_GLOBAL_ACCENT_COLOR_NAME = AccentColor;
				CODE_SIGN_STYLE = Automatic;
				INFOPLIST_FILE = MobiusworksSystemTask/Info.plist;
				LD_RUNPATH_SEARCH_PATHS = (
					"$(inherited)",
					"@executable_path/Frameworks",
				);
				PRODUCT_BUNDLE_IDENTIFIER = com.qurix.com.MobiusworksSystemTask;
				PRODUCT_NAME = "$(TARGET_NAME)";
				SWIFT_VERSION = 5.0;
				TARGETED_DEVICE_FAMILY = 1;
			};
			name = Debug;
		};
		CB875E292590EE3700EEDB65 /* Release */ = {
			isa = XCBuildConfiguration;
			baseConfigurationReference = 4A57A65C688FD165BF906DD7 /* Pods-MobiusworksSystemTask.release.xcconfig */;
			buildSettings = {
				ASSETCATALOG_COMPILER_APPICON_NAME = AppIcon;
				ASSETCATALOG_COMPILER_GLOBAL_ACCENT_COLOR_NAME = AccentColor;
				CODE_SIGN_STYLE = Automatic;
				INFOPLIST_FILE = MobiusworksSystemTask/Info.plist;
				LD_RUNPATH_SEARCH_PATHS = (
					"$(inherited)",
					"@executable_path/Frameworks",
				);
				PRODUCT_BUNDLE_IDENTIFIER = com.qurix.com.MobiusworksSystemTask;
				PRODUCT_NAME = "$(TARGET_NAME)";
				SWIFT_VERSION = 5.0;
				TARGETED_DEVICE_FAMILY = 1;
			};
			name = Release;
		};
/* End XCBuildConfiguration section */

/* Begin XCConfigurationList section */
		CB875E0E2590EE3300EEDB65 /* Build configuration list for PBXProject "MobiusworksSystemTask" */ = {
			isa = XCConfigurationList;
			buildConfigurations = (
				CB875E252590EE3700EEDB65 /* Debug */,
				CB875E262590EE3700EEDB65 /* Release */,
			);
			defaultConfigurationIsVisible = 0;
			defaultConfigurationName = Release;
		};
		CB875E272590EE3700EEDB65 /* Build configuration list for PBXNativeTarget "MobiusworksSystemTask" */ = {
			isa = XCConfigurationList;
			buildConfigurations = (
				CB875E282590EE3700EEDB65 /* Debug */,
				CB875E292590EE3700EEDB65 /* Release */,
			);
			defaultConfigurationIsVisible = 0;
			defaultConfigurationName = Release;
		};
/* End XCConfigurationList section */
	};
	rootObject = CB875E0B2590EE3300EEDB65 /* Project object */;
}
